
Microsoft Visual Studio Solution File, Format Version 12.00
# Visual Studio Version 17
VisualStudioVersion = 17.14.36930.0
MinimumVisualStudioVersion = 10.0.40219.1
Project("{FAE04EC0-301F-11D3-BF4B-00C04F79EFBC}") = "LAB 1", "LAB 1\LAB 1.csproj", "{C292474C-DB54-4F38-969C-6913E322A922}"
EndProject
Project("{FAE04EC0-301F-11D3-BF4B-00C04F79EFBC}") = "LAB 2", "LAB 2\LAB 2.csproj", "{0FF0B48E-61B2-4549-A060-553379AC88E9}"
EndProject
Project("{FAE04EC0-301F-11D3-BF4B-00C04F79EFBC}") = "LAB 3", "LAB 3\LAB 3.csproj", "{FEFB262A-3D1F-4892-BF21-89A8BE2E97C2}"
EndProject
Project("{FAE04EC0-301F-11D3-BF4B-00C04F79EFBC}") = "LAB 4", "LAB 4\LAB 4.csproj", "{6D68A71E-985C-4B3F-902B-0072DD5634DF}"
EndProject
Project("{FAE04EC0-301F-11D3-BF4B-00C04F79EFBC}") = "LAB 5", "LAB 5\LAB 5.csproj", "{D250BD52-0449-4FAE-88C9-22C9301B5DDA}"
EndProject
Project("{FAE04EC0-301F-11D3-BF4B-00C04F79EFBC}") = "LAB 6", "LAB 6\LAB 6.csproj", "{E6B7B2B1-9B62-4BC3-8E99-FE8340C301D2}"
EndProject
Project("{FAE04EC0-301F-11D3-BF4B-00C04F79EFBC}") = "LAB 7", "LAB 7\LAB 7.csproj", "{17833801-B200-4BB7-9E03-7F7002D1A421}"
EndProject
Project("{FAE04EC0-301F-11D3-BF4B-00C04F79EFBC}") = "LAB 8", "LAB 8\LAB 8.csproj", "{BFA0E197-06AB-40F3-A98D-29D7CDC0DD79}"
EndProject
Project("{FAE04EC0-301F-11D3-BF4B-00C04F79EFBC}") = "LAB 9", "LAB 9\LAB 9.csproj", "{7DFF9875-25CA-443F-B491-89F7475BFC5C}"
EndProject
Project("{FAE04EC0-301F-11D3-BF4B-00C04F79EFBC}") = "LAB 10_1", "LAB 10_1\LAB 10_1.csproj", "{B70BA1B2-5855-45C9-907F-14AD23D0283C}"
EndProject
Project("{FAE04EC0-301F-11D3-BF4B-00C04F79EFBC}") = "LAB 10_2", "LAB 10_2\LAB 10_2.csproj", "{53793950-8011-4362-8B76-0D79656EECB7}"
EndProject
Project("{FAE04EC0-301F-11D3-BF4B-00C04F79EFBC}") = "LAB 11", "LAB 11\LAB 11.csproj", "{A4621AA6-CAD9-4468-AF53-9F7DBCCE2F4A}"
EndProject
Global
	GlobalSection(SolutionConfigurationPlatforms) = preSolution
		Debug|Any CPU = Debug|Any CPU
		Release|Any CPU = Release|Any CPU
	EndGlobalSection
	GlobalSection(ProjectConfigurationPlatforms) = postSolution
		{C292474C-DB54-4F38-969C-6913E322A922}.Debug|Any CPU.ActiveCfg = Debug|Any CPU
		{C292474C-DB54-4F38-969C-6913E322A922}.Debug|Any CPU.Build.0 = Debug|Any CPU
		{C292474C-DB54-4F38-969C-6913E322A922}.Release|Any CPU.ActiveCfg = Release|Any CPU
		{C292474C-DB54-4F38-969C-6913E322A922}.Release|Any CPU.Build.0 = Release|Any CPU
		{0FF0B48E-61B2-4549-A060-553379AC88E9}.Debug|Any CPU.ActiveCfg = Debug|Any CPU
		{0FF0B48E-61B2-4549-A060-553379AC88E9}.Debug|Any CPU.Build.0 = Debug|Any CPU
		{0FF0B48E-61B2-4549-A060-553379AC88E9}.Release|Any CPU.ActiveCfg = Release|Any CPU
		{0FF0B48E-61B2-4549-A060-553379AC88E9}.Release|Any CPU.Build.0 = Release|Any CPU
		{FEFB262A-3D1F-4892-BF21-89A8BE2E97C2}.Debug|Any CPU.ActiveCfg = Debug|Any CPU
		{FEFB262A-3D1F-4892-BF21-89A8BE2E97C2}.Debug|Any CPU.Build.0 = Debug|Any CPU
		{FEFB262A-3D1F-4892-BF21-89A8BE2E97C2}.Release|Any CPU.ActiveCfg = Release|Any CPU
		{FEFB262A-3D1F-4892-BF21-89A8BE2E97C2}.Release|Any CPU.Build.0 = Release|Any CPU
		{6D68A71E-985C-4B3F-902B-0072DD5634DF}.Debug|Any CPU.ActiveCfg = Debug|Any CPU
		{6D68A71E-985C-4B3F-902B-0072DD5634DF}.Debug|Any CPU.Build.0 = Debug|Any CPU
		{6D68A71E-985C-4B3F-902B-0072DD5634DF}.Release|Any CPU.ActiveCfg = Release|Any CPU
		{6D68A71E-985C-4B3F-902B-0072DD5634DF}.Release|Any CPU.Build.0 = Release|Any CPU
		{D250BD52-0449-4FAE-88C9-22C9301B5DDA}.Debug|Any CPU.ActiveCfg = Debug|Any CPU
		{D250BD52-0449-4FAE-88C9-22C9301B5DDA}.Debug|Any CPU.Build.0 = Debug|Any CPU
		{D250BD52-0449-4FAE-88C9-22C9301B5DDA}.Release|Any CPU.ActiveCfg = Release|Any CPU
		{D250BD52-0449-4FAE-88C9-22C9301B5DDA}.Release|Any CPU.Build.0 = Release|Any CPU
		{E6B7B2B1-9B62-4BC3-8E99-FE8340C301D2}.Debug|Any CPU.ActiveCfg = Debug|Any CPU
		{E6B7B2B1-9B62-4BC3-8E99-FE8340C301D2}.Debug|Any CPU.Build.0 = Debug|Any CPU
		{E6B7B2B1-9B62-4BC3-8E99-FE8340C301D2}.Release|Any CPU.ActiveCfg = Release|Any CPU
		{E6B7B2B1-9B62-4BC3-8E99-FE8340C301D2}.Release|Any CPU.Build.0 = Release|Any CPU
		{17833801-B200-4BB7-9E03-7F7002D1A421}.Debug|Any CPU.ActiveCfg = Debug|Any CPU
		{17833801-B200-4BB7-9E03-7F7002D1A421}.Debug|Any CPU.Build.0 = Debug|Any CPU
		{17833801-B200-4BB7-9E03-7F7002D1A421}.Release|Any CPU.ActiveCfg = Release|Any CPU
		{17833801-B200-4BB7-9E03-7F7002D1A421}.Release|Any CPU.Build.0 = Release|Any CPU
		{BFA0E197-06AB-40F3-A98D-29D7CDC0DD79}.Debug|Any CPU.ActiveCfg = Debug|Any CPU
		{BFA0E197-06AB-40F3-A98D-29D7CDC0DD79}.Debug|Any CPU.Build.0 = Debug|Any CPU
		{BFA0E197-06AB-40F3-A98D-29D7CDC0DD79}.Release|Any CPU.ActiveCfg = Release|Any CPU
		{BFA0E197-06AB-40F3-A98D-29D7CDC0DD79}.Release|Any CPU.Build.0 = Release|Any CPU
		{7DFF9875-25CA-443F-B491-89F7475BFC5C}.Debug|Any CPU.ActiveCfg = Debug|Any CPU
		{7DFF9875-25CA-443F-B491-89F7475BFC5C}.Debug|Any CPU.Build.0 = Debug|Any CPU
		{7DFF9875-25CA-443F-B491-89F7475BFC5C}.Release|Any CPU.ActiveCfg = Release|Any CPU
		{7DFF9875-25CA-443F-B491-89F7475BFC5C}.Release|Any CPU.Build.0 = Release|Any CPU
		{B70BA1B2-5855-45C9-907F-14AD23D0283C}.Debug|Any CPU.ActiveCfg = Debug|Any CPU
		{B70BA1B2-5855-45C9-907F-14AD23D0283C}.Debug|Any CPU.Build.0 = Debug|Any CPU
		{B70BA1B2-5855-45C9-907F-14AD23D0283C}.Release|Any CPU.ActiveCfg = Release|Any CPU
		{B70BA1B2-5855-45C9-907F-14AD23D0283C}.Release|Any CPU.Build.0 = Release|Any CPU
		{53793950-8011-4362-8B76-0D79656EECB7}.Debug|Any CPU.ActiveCfg = Debug|Any CPU
		{53793950-8011-4362-8B76-0D79656EECB7}.Debug|Any CPU.Build.0 = Debug|Any CPU
		{53793950-8011-4362-8B76-0D79656EECB7}.Release|Any CPU.ActiveCfg = Release|Any CPU
		{53793950-8011-4362-8B76-0D79656EECB7}.Release|Any CPU.Build.0 = Release|Any CPU
		{A4621AA6-CAD9-4468-AF53-9F7DBCCE2F4A}.Debug|Any CPU.ActiveCfg = Debug|Any CPU
		{A4621AA6-CAD9-4468-AF53-9F7DBCCE2F4A}.Debug|Any CPU.Build.0 = Debug|Any CPU
		{A4621AA6-CAD9-4468-AF53-9F7DBCCE2F4A}.Release|Any CPU.ActiveCfg = Release|Any CPU
		{A4621AA6-CAD9-4468-AF53-9F7DBCCE2F4A}.Release|Any CPU.Build.0 = Release|Any CPU
	EndGlobalSection
	GlobalSection(SolutionProperties) = preSolution
		HideSolutionNode = FALSE
	EndGlobalSection
	GlobalSection(ExtensibilityGlobals) = postSolution
		SolutionGuid = {D8F07A83-9E95-4431-B467-1772920A48E5}
	EndGlobalSection
EndGlobal
